
Microsoft Visual Studio Solution File, Format Version 12.00
# Visual Studio Version 16
VisualStudioVersion = 16.0.30907.101
MinimumVisualStudioVersion = 10.0.40219.1
Project("{888888A0-9F3D-457C-B088-3A5042F75D52}") = "Tik", "Tik\Tik.pyproj", "{1330385D-BD40-4CF0-9DEF-35B8AF52AD14}"
EndProject
Global
	GlobalSection(SolutionConfigurationPlatforms) = preSolution
		Debug|Any CPU = Debug|Any CPU
		Release|Any CPU = Release|Any CPU
	EndGlobalSection
	GlobalSection(ProjectConfigurationPlatforms) = postSolution
		{1330385D-BD40-4CF0-9DEF-35B8AF52AD14}.Debug|Any CPU.ActiveCfg = Debug|Any CPU
		{1330385D-BD40-4CF0-9DEF-35B8AF52AD14}.Release|Any CPU.ActiveCfg = Release|Any CPU
	EndGlobalSection
	GlobalSection(SolutionProperties) = preSolution
		HideSolutionNode = FALSE
	EndGlobalSection
	GlobalSection(ExtensibilityGlobals) = postSolution
		SolutionGuid = {A5E1190B-D754-4D1D-8168-236F114E0444}
	EndGlobalSection
EndGlobal
