
Microsoft Visual Studio Solution File, Format Version 12.00
# Visual Studio Version 16
VisualStudioVersion = 16.0.31205.134
MinimumVisualStudioVersion = 10.0.40219.1
Project("{FAE04EC0-301F-11D3-BF4B-00C04F79EFBC}") = "DictionaryMaker", "DictionaryMaker.csproj", "{A8DD2963-8B78-42DC-86B8-33FD1C770124}"
EndProject
Global
	GlobalSection(SolutionConfigurationPlatforms) = preSolution
		Debug|Any CPU = Debug|Any CPU
		Release|Any CPU = Release|Any CPU
	EndGlobalSection
	GlobalSection(ProjectConfigurationPlatforms) = postSolution
		{A8DD2963-8B78-42DC-86B8-33FD1C770124}.Debug|Any CPU.ActiveCfg = Debug|Any CPU
		{A8DD2963-8B78-42DC-86B8-33FD1C770124}.Debug|Any CPU.Build.0 = Debug|Any CPU
		{A8DD2963-8B78-42DC-86B8-33FD1C770124}.Release|Any CPU.ActiveCfg = Release|Any CPU
		{A8DD2963-8B78-42DC-86B8-33FD1C770124}.Release|Any CPU.Build.0 = Release|Any CPU
	EndGlobalSection
	GlobalSection(SolutionProperties) = preSolution
		HideSolutionNode = FALSE
	EndGlobalSection
	GlobalSection(ExtensibilityGlobals) = postSolution
		SolutionGuid = {FF64B5C0-E2B5-4F30-AB42-09DB9CCA8B83}
	EndGlobalSection
EndGlobal
